
Microsoft Visual Studio Solution File, Format Version 12.00
# Visual Studio Version 17
VisualStudioVersion = 17.6.33815.320
MinimumVisualStudioVersion = 10.0.40219.1
Project("{8BC9CEB8-8B4A-11D0-8D11-00A0C91BC942}") = "Assn1", "Assn1\Assn1.vcxproj", "{06BEE284-8AC1-4131-AE59-BA0CC2C9F3C4}"
EndProject
Global
	GlobalSection(SolutionConfigurationPlatforms) = preSolution
		Debug|x64 = Debug|x64
		Debug|x86 = Debug|x86
		Release|x64 = Release|x64
		Release|x86 = Release|x86
	EndGlobalSection
	GlobalSection(ProjectConfigurationPlatforms) = postSolution
		{06BEE284-8AC1-4131-AE59-BA0CC2C9F3C4}.Debug|x64.ActiveCfg = Debug|x64
		{06BEE284-8AC1-4131-AE59-BA0CC2C9F3C4}.Debug|x64.Build.0 = Debug|x64
		{06BEE284-8AC1-4131-AE59-BA0CC2C9F3C4}.Debug|x86.ActiveCfg = Debug|Win32
		{06BEE284-8AC1-4131-AE59-BA0CC2C9F3C4}.Debug|x86.Build.0 = Debug|Win32
		{06BEE284-8AC1-4131-AE59-BA0CC2C9F3C4}.Release|x64.ActiveCfg = Release|x64
		{06BEE284-8AC1-4131-AE59-BA0CC2C9F3C4}.Release|x64.Build.0 = Release|x64
		{06BEE284-8AC1-4131-AE59-BA0CC2C9F3C4}.Release|x86.ActiveCfg = Release|Win32
		{06BEE284-8AC1-4131-AE59-BA0CC2C9F3C4}.Release|x86.Build.0 = Release|Win32
	EndGlobalSection
	GlobalSection(SolutionProperties) = preSolution
		HideSolutionNode = FALSE
	EndGlobalSection
	GlobalSection(ExtensibilityGlobals) = postSolution
		SolutionGuid = {903E8A0E-CF4A-418C-9CDF-07FC0820D4E2}
	EndGlobalSection
EndGlobal
